{
  "version": 4,
  "terraform_version": "1.4.6",
  "serial": 27,
  "lineage": "db1de19f-0580-d14f-0d83-a138ad0a41dd",
  "outputs": {
    "service_url": {
      "value": "https://web-s3jbioziyq-uw.a.run.app",
      "type": "string"
    }
  },
  "resources": [
    {
      "mode": "managed",
      "type": "google_artifact_registry_repository",
      "name": "app-service",
      "provider": "provider[\"registry.terraform.io/hashicorp/google\"]",
      "instances": [
        {
          "schema_version": 0,
          "attributes": {
            "create_time": "2023-05-20T21:47:34.331508Z",
            "description": "",
            "docker_config": [],
            "format": "DOCKER",
            "id": "projects/sandbox-382905/locations/us-west1/repositories/app-service",
            "kms_key_name": "",
            "labels": {},
            "location": "us-west1",
            "maven_config": [],
            "mode": "STANDARD_REPOSITORY",
            "name": "app-service",
            "project": "sandbox-382905",
            "remote_repository_config": [],
            "repository_id": "app-service",
            "timeouts": null,
            "update_time": "2023-05-20T21:47:34.331508Z",
            "virtual_repository_config": []
          },
          "sensitive_attributes": [],
          "private": "eyJlMmJmYjczMC1lY2FhLTExZTYtOGY4OC0zNDM2M2JjN2M0YzAiOnsiY3JlYXRlIjoxMjAwMDAwMDAwMDAwLCJkZWxldGUiOjEyMDAwMDAwMDAwMDAsInVwZGF0ZSI6MTIwMDAwMDAwMDAwMH19"
        }
      ]
    },
    {
      "mode": "managed",
      "type": "google_artifact_registry_repository",
      "name": "web",
      "provider": "provider[\"registry.terraform.io/hashicorp/google\"]",
      "instances": [
        {
          "schema_version": 0,
          "attributes": {
            "create_time": "2023-05-20T22:34:40.538668Z",
            "description": "",
            "docker_config": [],
            "format": "DOCKER",
            "id": "projects/sandbox-382905/locations/us-west1/repositories/web",
            "kms_key_name": "",
            "labels": {},
            "location": "us-west1",
            "maven_config": [],
            "mode": "STANDARD_REPOSITORY",
            "name": "web",
            "project": "sandbox-382905",
            "remote_repository_config": [],
            "repository_id": "web",
            "timeouts": null,
            "update_time": "2023-05-20T22:34:40.538668Z",
            "virtual_repository_config": []
          },
          "sensitive_attributes": [],
          "private": "eyJlMmJmYjczMC1lY2FhLTExZTYtOGY4OC0zNDM2M2JjN2M0YzAiOnsiY3JlYXRlIjoxMjAwMDAwMDAwMDAwLCJkZWxldGUiOjEyMDAwMDAwMDAwMDAsInVwZGF0ZSI6MTIwMDAwMDAwMDAwMH19"
        }
      ]
    },
    {
      "mode": "managed",
      "type": "google_cloud_run_service",
      "name": "app-service",
      "provider": "provider[\"registry.terraform.io/hashicorp/google\"]",
      "instances": [
        {
          "status": "tainted",
          "schema_version": 1,
          "attributes": {
            "autogenerate_revision_name": false,
            "id": "locations/us-west1/namespaces/sandbox-382905/services/app-service",
            "location": "us-west1",
            "metadata": null,
            "name": "app-service",
            "project": null,
            "status": null,
            "template": [
              {
                "metadata": [
                  {
                    "annotations": {
                      "autoscaling.knative.dev/maxScale": "1000",
                      "run.googleapis.com/client-name": "cloud-console",
                      "run.googleapis.com/cloudsql-instances": "sandbox-382905:us-west1:core"
                    },
                    "generation": 0,
                    "labels": null,
                    "name": "",
                    "namespace": "",
                    "resource_version": "",
                    "self_link": "",
                    "uid": ""
                  }
                ],
                "spec": [
                  {
                    "container_concurrency": 0,
                    "containers": [
                      {
                        "args": null,
                        "command": null,
                        "env": [
                          {
                            "name": "DATABASE_URL",
                            "value": "postgres://postgres:T\u0026=TV:%ZWsqa5Fl3@:5432/postgres?host=/cloudsql/production-382518:us-west1:core",
                            "value_from": []
                          }
                        ],
                        "env_from": [],
                        "image": "us-west1-docker.pkg.dev/sandbox-382905/app-service/app-service:latest",
                        "liveness_probe": [],
                        "ports": [],
                        "resources": [],
                        "startup_probe": [],
                        "volume_mounts": [],
                        "working_dir": ""
                      }
                    ],
                    "service_account_name": "",
                    "serving_state": "",
                    "timeout_seconds": 0,
                    "volumes": []
                  }
                ]
              }
            ],
            "timeouts": null,
            "traffic": [
              {
                "latest_revision": true,
                "percent": 100,
                "revision_name": "",
                "tag": "",
                "url": ""
              }
            ]
          },
          "sensitive_attributes": [
            [
              {
                "type": "get_attr",
                "value": "template"
              },
              {
                "type": "index",
                "value": {
                  "value": 0,
                  "type": "number"
                }
              },
              {
                "type": "get_attr",
                "value": "spec"
              },
              {
                "type": "index",
                "value": {
                  "value": 0,
                  "type": "number"
                }
              },
              {
                "type": "get_attr",
                "value": "containers"
              },
              {
                "type": "index",
                "value": {
                  "value": 0,
                  "type": "number"
                }
              },
              {
                "type": "get_attr",
                "value": "env"
              }
            ]
          ],
          "private": "eyJlMmJmYjczMC1lY2FhLTExZTYtOGY4OC0zNDM2M2JjN2M0YzAiOnsiY3JlYXRlIjoxMjAwMDAwMDAwMDAwLCJkZWxldGUiOjEyMDAwMDAwMDAwMDAsInVwZGF0ZSI6MTIwMDAwMDAwMDAwMH0sInNjaGVtYV92ZXJzaW9uIjoiMSJ9",
          "dependencies": [
            "google_project_service.run_api",
            "google_sql_database_instance.core",
            "random_password.core_db_master_user_password"
          ]
        }
      ]
    },
    {
      "mode": "managed",
      "type": "google_cloud_run_service",
      "name": "web",
      "provider": "provider[\"registry.terraform.io/hashicorp/google\"]",
      "instances": [
        {
          "schema_version": 1,
          "attributes": {
            "autogenerate_revision_name": false,
            "id": "locations/us-west1/namespaces/sandbox-382905/services/web",
            "location": "us-west1",
            "metadata": [
              {
                "annotations": {
                  "run.googleapis.com/ingress": "all",
                  "run.googleapis.com/ingress-status": "all",
                  "run.googleapis.com/operation-id": "3f063176-e9cb-4954-8170-5813663c46ff",
                  "serving.knative.dev/creator": "terraform@sandbox-382905.iam.gserviceaccount.com",
                  "serving.knative.dev/lastModifier": "terraform@sandbox-382905.iam.gserviceaccount.com"
                },
                "generation": 5,
                "labels": {
                  "cloud.googleapis.com/location": "us-west1"
                },
                "namespace": "sandbox-382905",
                "resource_version": "AAX8Jv0sVDI",
                "self_link": "/apis/serving.knative.dev/v1/namespaces/617839389948/services/web",
                "uid": "b79005d5-185f-4cbc-bd95-fcdb4961d89f"
              }
            ],
            "name": "web",
            "project": "sandbox-382905",
            "status": [
              {
                "conditions": [
                  {
                    "message": "",
                    "reason": "",
                    "status": "True",
                    "type": "Ready"
                  },
                  {
                    "message": "",
                    "reason": "",
                    "status": "True",
                    "type": "ConfigurationsReady"
                  },
                  {
                    "message": "",
                    "reason": "",
                    "status": "True",
                    "type": "RoutesReady"
                  }
                ],
                "latest_created_revision_name": "web-00005-l2r",
                "latest_ready_revision_name": "web-00005-l2r",
                "observed_generation": 5,
                "url": "https://web-s3jbioziyq-uw.a.run.app"
              }
            ],
            "template": [
              {
                "metadata": [
                  {
                    "annotations": {
                      "autoscaling.knative.dev/maxScale": "100"
                    },
                    "generation": 0,
                    "labels": {},
                    "name": "",
                    "namespace": "",
                    "resource_version": "",
                    "self_link": "",
                    "uid": ""
                  }
                ],
                "spec": [
                  {
                    "container_concurrency": 80,
                    "containers": [
                      {
                        "args": [],
                        "command": [],
                        "env": [
                          {
                            "name": "NEXT_PUBLIC_API_URI",
                            "value": "",
                            "value_from": []
                          },
                          {
                            "name": "NEXT_PUBLIC_NODE_ENV",
                            "value": "sandbox",
                            "value_from": []
                          }
                        ],
                        "env_from": [],
                        "image": "us-west1-docker.pkg.dev/sandbox-382905/web/web:latest",
                        "liveness_probe": [],
                        "ports": [
                          {
                            "container_port": 8080,
                            "name": "http1",
                            "protocol": ""
                          }
                        ],
                        "resources": [
                          {
                            "limits": {
                              "cpu": "1000m",
                              "memory": "512Mi"
                            },
                            "requests": {}
                          }
                        ],
                        "startup_probe": [
                          {
                            "failure_threshold": 1,
                            "grpc": [],
                            "http_get": [],
                            "initial_delay_seconds": 0,
                            "period_seconds": 240,
                            "tcp_socket": [
                              {
                                "port": 8080
                              }
                            ],
                            "timeout_seconds": 240
                          }
                        ],
                        "volume_mounts": [],
                        "working_dir": ""
                      }
                    ],
                    "service_account_name": "617839389948-compute@developer.gserviceaccount.com",
                    "serving_state": "",
                    "timeout_seconds": 300,
                    "volumes": []
                  }
                ]
              }
            ],
            "timeouts": null,
            "traffic": [
              {
                "latest_revision": true,
                "percent": 100,
                "revision_name": "",
                "tag": "",
                "url": ""
              }
            ]
          },
          "sensitive_attributes": [],
          "private": "eyJlMmJmYjczMC1lY2FhLTExZTYtOGY4OC0zNDM2M2JjN2M0YzAiOnsiY3JlYXRlIjoxMjAwMDAwMDAwMDAwLCJkZWxldGUiOjEyMDAwMDAwMDAwMDAsInVwZGF0ZSI6MTIwMDAwMDAwMDAwMH0sInNjaGVtYV92ZXJzaW9uIjoiMSJ9",
          "dependencies": [
            "google_project_service.run_api"
          ]
        }
      ]
    },
    {
      "mode": "managed",
      "type": "google_cloud_run_service_iam_member",
      "name": "run_all_users",
      "provider": "provider[\"registry.terraform.io/hashicorp/google\"]",
      "instances": [
        {
          "schema_version": 0,
          "attributes": {
            "condition": [],
            "etag": "BwX8Jbrs+qs=",
            "id": "v1/projects/sandbox-382905/locations/us-west1/services/web/roles/run.invoker/allUsers",
            "location": "us-west1",
            "member": "allUsers",
            "project": "sandbox-382905",
            "role": "roles/run.invoker",
            "service": "v1/projects/sandbox-382905/locations/us-west1/services/web"
          },
          "sensitive_attributes": [],
          "private": "bnVsbA==",
          "dependencies": [
            "google_cloud_run_service.web",
            "google_project_service.run_api"
          ]
        }
      ]
    },
    {
      "mode": "managed",
      "type": "google_project_service",
      "name": "run_api",
      "provider": "provider[\"registry.terraform.io/hashicorp/google\"]",
      "instances": [
        {
          "schema_version": 0,
          "attributes": {
            "disable_dependent_services": null,
            "disable_on_destroy": true,
            "id": "sandbox-382905/run.googleapis.com",
            "project": "sandbox-382905",
            "service": "run.googleapis.com",
            "timeouts": null
          },
          "sensitive_attributes": [],
          "private": "eyJlMmJmYjczMC1lY2FhLTExZTYtOGY4OC0zNDM2M2JjN2M0YzAiOnsiY3JlYXRlIjoxMjAwMDAwMDAwMDAwLCJkZWxldGUiOjEyMDAwMDAwMDAwMDAsInJlYWQiOjYwMDAwMDAwMDAwMCwidXBkYXRlIjoxMjAwMDAwMDAwMDAwfX0="
        }
      ]
    },
    {
      "mode": "managed",
      "type": "google_sql_database_instance",
      "name": "core",
      "provider": "provider[\"registry.terraform.io/hashicorp/google\"]",
      "instances": [
        {
          "schema_version": 0,
          "attributes": {
            "available_maintenance_versions": [],
            "clone": [],
            "connection_name": "sandbox-382905:us-west1:core",
            "database_version": "POSTGRES_14",
            "deletion_protection": true,
            "encryption_key_name": null,
            "first_ip_address": "34.105.90.155",
            "id": "core",
            "instance_type": "CLOUD_SQL_INSTANCE",
            "ip_address": [
              {
                "ip_address": "34.105.90.155",
                "time_to_retire": "",
                "type": "PRIMARY"
              }
            ],
            "maintenance_version": "POSTGRES_14_5.R20230316.02_05",
            "master_instance_name": "",
            "name": "core",
            "private_ip_address": "",
            "project": "sandbox-382905",
            "public_ip_address": "34.105.90.155",
            "region": "us-west1",
            "replica_configuration": [],
            "restore_backup_context": [],
            "root_password": null,
            "self_link": "https://sqladmin.googleapis.com/sql/v1beta4/projects/sandbox-382905/instances/core",
            "server_ca_cert": [
              {
                "cert": "-----BEGIN CERTIFICATE-----\nMIIDfzCCAmegAwIBAgIBADANBgkqhkiG9w0BAQsFADB3MS0wKwYDVQQuEyRhZTc1\nZjlmOC1kMGM4LTRlZGMtOTZiNC1kMjU2YTBiNTQ2ZTMxIzAhBgNVBAMTGkdvb2ds\nZSBDbG91ZCBTUUwgU2VydmVyIENBMRQwEgYDVQQKEwtHb29nbGUsIEluYzELMAkG\nA1UEBhMCVVMwHhcNMjMwNTIwMjI0ODQ2WhcNMzMwNTE3MjI0OTQ2WjB3MS0wKwYD\nVQQuEyRhZTc1ZjlmOC1kMGM4LTRlZGMtOTZiNC1kMjU2YTBiNTQ2ZTMxIzAhBgNV\nBAMTGkdvb2dsZSBDbG91ZCBTUUwgU2VydmVyIENBMRQwEgYDVQQKEwtHb29nbGUs\nIEluYzELMAkGA1UEBhMCVVMwggEiMA0GCSqGSIb3DQEBAQUAA4IBDwAwggEKAoIB\nAQCFYdPSpD4MGugGyb7JeTYJMlhMCpmJ6V1SD1FN96IJSILqJvuVGU3ZUKIyq8/g\nN0/99UjLfCi91WM6qKTQ06TG/UIieQ207ZjnyX2TaBin/12b1XLuNumgDCweWfom\n2RrCiNN4LYnyuDrsF0fUs+PfY/l+yxmFw/xZ6ykCqmMI1NDSI/CIRXrcbFCY8jus\nKr2PbCMAd47qyytXaMk8HWc98CTx4UC9me3iVf9ywMhUTvfQ2IMVsub7cdFMhktU\nFnwOupRhpmxFGnhErWo0m1wqeLMTy2X0WwJSvFs2Swf7ONd+qY/iNE1SW7CYBIYN\n/98dKPdFFPJAiuu9PT4F0HOfAgMBAAGjFjAUMBIGA1UdEwEB/wQIMAYBAf8CAQAw\nDQYJKoZIhvcNAQELBQADggEBAD2fsgNJcuoot5sb1AzmVrPpz/QAqaQiSAV9UJhv\nJ8x9b0XQYEX2j/WqUr0/G6JOysQRxhLNbYLEIfUgFta8SUhb74lxZJ+k6sizNybQ\nJ9ZcDTbycfKjCmQA/uWtSQkrGlRjeF3Z9gtJQ/PtzEsgT7Jw65Iiu6w9MTUldLsA\nRlMaA3BhdjEAIcXn/uutDWsUPmFjimWd7OGLItvCRHKt2lCLdJkw8y/jeIzJS/30\nVe3rq+s4B78M58SBaA+vzMJ7K6K5xF1fW6fImVSigCus1r87QQkPdzluYVieMP6p\nrVVsm2HVF73H+ZE2wbPvT2h6BKera2ceF9rjBKBN+0An9ng=\n-----END CERTIFICATE-----",
                "common_name": "C=US,O=Google\\, Inc,CN=Google Cloud SQL Server CA,dnQualifier=ae75f9f8-d0c8-4edc-96b4-d256a0b546e3",
                "create_time": "2023-05-20T22:48:46.335Z",
                "expiration_time": "2033-05-17T22:49:46.335Z",
                "sha1_fingerprint": "508a185d5d635dd194dede523630051c20ddeefc"
              }
            ],
            "service_account_email_address": "p617839389948-xxh4gn@gcp-sa-cloud-sql.iam.gserviceaccount.com",
            "settings": [
              {
                "activation_policy": "ALWAYS",
                "active_directory_config": [],
                "availability_type": "REGIONAL",
                "backup_configuration": [
                  {
                    "backup_retention_settings": [
                      {
                        "retained_backups": 7,
                        "retention_unit": "COUNT"
                      }
                    ],
                    "binary_log_enabled": false,
                    "enabled": false,
                    "location": "",
                    "point_in_time_recovery_enabled": false,
                    "start_time": "13:00",
                    "transaction_log_retention_days": 7
                  }
                ],
                "collation": "",
                "connector_enforcement": "NOT_REQUIRED",
                "database_flags": [],
                "deletion_protection_enabled": false,
                "deny_maintenance_period": [],
                "disk_autoresize": true,
                "disk_autoresize_limit": 0,
                "disk_size": 50,
                "disk_type": "PD_SSD",
                "insights_config": [
                  {
                    "query_insights_enabled": false,
                    "query_plans_per_minute": 0,
                    "query_string_length": 1024,
                    "record_application_tags": false,
                    "record_client_address": false
                  }
                ],
                "ip_configuration": [
                  {
                    "allocated_ip_range": "",
                    "authorized_networks": [
                      {
                        "expiration_time": "",
                        "name": "ryan-home",
                        "value": "76.33.133.137"
                      }
                    ],
                    "enable_private_path_for_google_cloud_services": false,
                    "ipv4_enabled": true,
                    "private_network": "",
                    "require_ssl": false
                  }
                ],
                "location_preference": [
                  {
                    "follow_gae_application": "",
                    "secondary_zone": "",
                    "zone": "us-west1-a"
                  }
                ],
                "maintenance_window": [],
                "password_validation_policy": [],
                "pricing_plan": "PER_USE",
                "sql_server_audit_config": [],
                "tier": "db-f1-micro",
                "time_zone": "",
                "user_labels": {},
                "version": 5
              }
            ],
            "timeouts": null
          },
          "sensitive_attributes": [],
          "private": "eyJlMmJmYjczMC1lY2FhLTExZTYtOGY4OC0zNDM2M2JjN2M0YzAiOnsiY3JlYXRlIjoyNDAwMDAwMDAwMDAwLCJkZWxldGUiOjE4MDAwMDAwMDAwMDAsInVwZGF0ZSI6MTgwMDAwMDAwMDAwMH19"
        }
      ]
    },
    {
      "mode": "managed",
      "type": "google_sql_user",
      "name": "core_db_master_user",
      "provider": "provider[\"registry.terraform.io/hashicorp/google\"]",
      "instances": [
        {
          "schema_version": 1,
          "attributes": {
            "deletion_policy": null,
            "host": "",
            "id": "postgres//core",
            "instance": "core",
            "name": "postgres",
            "password": "T\u0026=TV:%ZWsqa5Fl3",
            "password_policy": [],
            "project": "sandbox-382905",
            "sql_server_user_details": [],
            "timeouts": null,
            "type": ""
          },
          "sensitive_attributes": [
            [
              {
                "type": "get_attr",
                "value": "password"
              }
            ]
          ],
          "private": "eyJlMmJmYjczMC1lY2FhLTExZTYtOGY4OC0zNDM2M2JjN2M0YzAiOnsiY3JlYXRlIjo2MDAwMDAwMDAwMDAsImRlbGV0ZSI6NjAwMDAwMDAwMDAwLCJ1cGRhdGUiOjYwMDAwMDAwMDAwMH0sInNjaGVtYV92ZXJzaW9uIjoiMSJ9",
          "dependencies": [
            "google_sql_database_instance.core",
            "random_password.core_db_master_user_password"
          ]
        }
      ]
    },
    {
      "mode": "managed",
      "type": "random_password",
      "name": "core_db_master_user_password",
      "provider": "provider[\"registry.terraform.io/hashicorp/random\"]",
      "instances": [
        {
          "schema_version": 3,
          "attributes": {
            "bcrypt_hash": "$2a$10$iTSwerePjZwBh7NQbh/90uOSJ1O3Tx2.3qgsrujclW/051ncsthtu",
            "id": "none",
            "keepers": null,
            "length": 16,
            "lower": true,
            "min_lower": 0,
            "min_numeric": 0,
            "min_special": 0,
            "min_upper": 0,
            "number": true,
            "numeric": true,
            "override_special": null,
            "result": "T\u0026=TV:%ZWsqa5Fl3",
            "special": true,
            "upper": true
          },
          "sensitive_attributes": []
        }
      ]
    }
  ],
  "check_results": null
}
